{
  "version": 4,
  "terraform_version": "1.12.2",
  "serial": 137,
  "lineage": "4185e7a8-e862-870c-26d3-530721fb25ce",
  "outputs": {
    "key_pair_name": {
      "value": "web-server-key",
      "type": "string"
    },
    "web_server_public_ip": {
      "value": "44.203.93.183",
      "type": "string"
    }
  },
  "resources": [
    {
      "mode": "managed",
      "type": "aws_db_instance",
      "name": "app_db",
      "provider": "provider[\"registry.terraform.io/hashicorp/aws\"]",
      "instances": [
        {
          "schema_version": 2,
          "attributes": {
            "address": "terraform-20250702175525444800000001.ca7gi6mggaty.us-east-1.rds.amazonaws.com",
            "allocated_storage": 20,
            "allow_major_version_upgrade": null,
            "apply_immediately": false,
            "arn": "arn:aws:rds:us-east-1:093549766243:db:terraform-20250702175525444800000001",
            "auto_minor_version_upgrade": true,
            "availability_zone": "us-east-1b",
            "backup_retention_period": 7,
            "backup_target": "region",
            "backup_window": "05:32-06:02",
            "blue_green_update": [],
            "ca_cert_identifier": "rds-ca-rsa2048-g1",
            "character_set_name": "",
            "copy_tags_to_snapshot": false,
            "custom_iam_instance_profile": "",
            "customer_owned_ip_enabled": false,
            "database_insights_mode": "standard",
            "db_name": "BookingSystem",
            "db_subnet_group_name": "app-db-subnet-group",
            "dedicated_log_volume": false,
            "delete_automated_backups": true,
            "deletion_protection": false,
            "domain": "",
            "domain_auth_secret_arn": "",
            "domain_dns_ips": [],
            "domain_fqdn": "",
            "domain_iam_role_name": "",
            "domain_ou": "",
            "enabled_cloudwatch_logs_exports": [],
            "endpoint": "terraform-20250702175525444800000001.ca7gi6mggaty.us-east-1.rds.amazonaws.com:3306",
            "engine": "mysql",
            "engine_lifecycle_support": "open-source-rds-extended-support",
            "engine_version": "8.0.41",
            "engine_version_actual": "8.0.41",
            "final_snapshot_identifier": "app-db-final-snapshot",
            "hosted_zone_id": "Z2R2ITUGPM61AM",
            "iam_database_authentication_enabled": false,
            "id": "db-6ZL6OTFR4QTE7T3SLCYKIGUN4Q",
            "identifier": "terraform-20250702175525444800000001",
            "identifier_prefix": "terraform-",
            "instance_class": "db.t3.micro",
            "iops": 0,
            "kms_key_id": "arn:aws:kms:us-east-1:093549766243:key/4c95146a-cd1a-4ae2-b220-03c2f87abfbd",
            "latest_restorable_time": "2025-07-02T18:30:00Z",
            "license_model": "general-public-license",
            "listener_endpoint": [],
            "maintenance_window": "sun:23:00-sun:23:30",
            "manage_master_user_password": null,
            "master_user_secret": [],
            "master_user_secret_kms_key_id": null,
            "max_allocated_storage": 0,
            "monitoring_interval": 0,
            "monitoring_role_arn": "",
            "multi_az": true,
            "nchar_character_set_name": "",
            "network_type": "IPV4",
            "option_group_name": "default:mysql-8-0",
            "parameter_group_name": "default.mysql8.0",
            "password": "Winish-123",
            "password_wo": null,
            "password_wo_version": null,
            "performance_insights_enabled": false,
            "performance_insights_kms_key_id": "",
            "performance_insights_retention_period": 0,
            "port": 3306,
            "publicly_accessible": false,
            "replica_mode": "",
            "replicas": [],
            "replicate_source_db": "",
            "resource_id": "db-6ZL6OTFR4QTE7T3SLCYKIGUN4Q",
            "restore_to_point_in_time": [],
            "s3_import": [],
            "skip_final_snapshot": false,
            "snapshot_identifier": null,
            "status": "available",
            "storage_encrypted": true,
            "storage_throughput": 0,
            "storage_type": "gp2",
            "tags": {
              "Name": "BookingDatabase"
            },
            "tags_all": {
              "Name": "BookingDatabase"
            },
            "timeouts": null,
            "timezone": "",
            "upgrade_storage_config": null,
            "username": "admin",
            "vpc_security_group_ids": [
              "sg-0685bc0e7fd0c071f"
            ]
          },
          "sensitive_attributes": [
            [
              {
                "type": "get_attr",
                "value": "password"
              }
            ],
            [
              {
                "type": "get_attr",
                "value": "password_wo"
              }
            ]
          ],
          "identity_schema_version": 0,
          "private": "eyJlMmJmYjczMC1lY2FhLTExZTYtOGY4OC0zNDM2M2JjN2M0YzAiOnsiY3JlYXRlIjozMDAwMDAwMDAwMDAwLCJkZWxldGUiOjM2MDAwMDAwMDAwMDAsInVwZGF0ZSI6NDgwMDAwMDAwMDAwMH0sInNjaGVtYV92ZXJzaW9uIjoiMiJ9",
          "dependencies": [
            "aws_db_subnet_group.app_db_subnet",
            "aws_security_group.app_sg",
            "aws_subnet.main_subnet",
            "aws_subnet.second_subnet",
            "aws_vpc.main_vpc"
          ]
        }
      ]
    },
    {
      "mode": "managed",
      "type": "aws_db_subnet_group",
      "name": "app_db_subnet",
      "provider": "provider[\"registry.terraform.io/hashicorp/aws\"]",
      "instances": [
        {
          "schema_version": 0,
          "attributes": {
            "arn": "arn:aws:rds:us-east-1:093549766243:subgrp:app-db-subnet-group",
            "description": "Subnet group for RDS database",
            "id": "app-db-subnet-group",
            "name": "app-db-subnet-group",
            "name_prefix": "",
            "subnet_ids": [
              "subnet-01ec6fdbd8a45ceb1",
              "subnet-0e3ae9341b1c6e62e"
            ],
            "supported_network_types": [
              "IPV4"
            ],
            "tags": {
              "Name": "AppDBSubnetGroup"
            },
            "tags_all": {
              "Name": "AppDBSubnetGroup"
            },
            "vpc_id": "vpc-09b0a3c94dfc6e012"
          },
          "sensitive_attributes": [],
          "identity_schema_version": 0,
          "private": "bnVsbA==",
          "dependencies": [
            "aws_subnet.main_subnet",
            "aws_subnet.second_subnet",
            "aws_vpc.main_vpc"
          ]
        }
      ]
    },
    {
      "mode": "managed",
      "type": "aws_instance",
      "name": "web_server",
      "provider": "provider[\"registry.terraform.io/hashicorp/aws\"]",
      "instances": [
        {
          "schema_version": 1,
          "attributes": {
            "ami": "ami-05ffe3c48a9991133",
            "arn": "arn:aws:ec2:us-east-1:093549766243:instance/i-07f4ee024dc8273d1",
            "associate_public_ip_address": true,
            "availability_zone": "us-east-1a",
            "capacity_reservation_specification": [
              {
                "capacity_reservation_preference": "open",
                "capacity_reservation_target": []
              }
            ],
            "cpu_core_count": 1,
            "cpu_options": [
              {
                "amd_sev_snp": "",
                "core_count": 1,
                "threads_per_core": 1
              }
            ],
            "cpu_threads_per_core": 1,
            "credit_specification": [
              {
                "cpu_credits": "standard"
              }
            ],
            "disable_api_stop": false,
            "disable_api_termination": false,
            "ebs_block_device": [],
            "ebs_optimized": false,
            "enable_primary_ipv6": null,
            "enclave_options": [
              {
                "enabled": false
              }
            ],
            "ephemeral_block_device": [],
            "get_password_data": false,
            "hibernation": false,
            "host_id": "",
            "host_resource_group_arn": null,
            "iam_instance_profile": "",
            "id": "i-07f4ee024dc8273d1",
            "instance_initiated_shutdown_behavior": "stop",
            "instance_lifecycle": "",
            "instance_market_options": [],
            "instance_state": "running",
            "instance_type": "t2.micro",
            "ipv6_address_count": 0,
            "ipv6_addresses": [],
            "key_name": "web-server-key",
            "launch_template": [],
            "maintenance_options": [
              {
                "auto_recovery": "default"
              }
            ],
            "metadata_options": [
              {
                "http_endpoint": "enabled",
                "http_protocol_ipv6": "disabled",
                "http_put_response_hop_limit": 2,
                "http_tokens": "required",
                "instance_metadata_tags": "disabled"
              }
            ],
            "monitoring": false,
            "network_interface": [],
            "outpost_arn": "",
            "password_data": "",
            "placement_group": "",
            "placement_partition_number": 0,
            "primary_network_interface_id": "eni-06e42ad1897910cbc",
            "private_dns": "ip-10-0-1-19.ec2.internal",
            "private_dns_name_options": [
              {
                "enable_resource_name_dns_a_record": false,
                "enable_resource_name_dns_aaaa_record": false,
                "hostname_type": "ip-name"
              }
            ],
            "private_ip": "10.0.1.19",
            "public_dns": "ec2-44-203-93-183.compute-1.amazonaws.com",
            "public_ip": "44.203.93.183",
            "root_block_device": [
              {
                "delete_on_termination": true,
                "device_name": "/dev/xvda",
                "encrypted": false,
                "iops": 3000,
                "kms_key_id": "",
                "tags": {},
                "tags_all": {},
                "throughput": 125,
                "volume_id": "vol-0a1b9466623d95ece",
                "volume_size": 8,
                "volume_type": "gp3"
              }
            ],
            "secondary_private_ips": [],
            "security_groups": [
              "sg-0685bc0e7fd0c071f"
            ],
            "source_dest_check": true,
            "spot_instance_request_id": "",
            "subnet_id": "subnet-01ec6fdbd8a45ceb1",
            "tags": {
              "Name": "WebServer"
            },
            "tags_all": {
              "Name": "WebServer"
            },
            "tenancy": "default",
            "timeouts": null,
            "user_data": "70066dd77e02e1a495f7254feaa8654c6832b982",
            "user_data_base64": null,
            "user_data_replace_on_change": false,
            "volume_tags": null,
            "vpc_security_group_ids": [
              "sg-0685bc0e7fd0c071f"
            ]
          },
          "sensitive_attributes": [
            [
              {
                "type": "get_attr",
                "value": "user_data"
              }
            ]
          ],
          "identity_schema_version": 0,
          "private": "eyJlMmJmYjczMC1lY2FhLTExZTYtOGY4OC0zNDM2M2JjN2M0YzAiOnsiY3JlYXRlIjo2MDAwMDAwMDAwMDAsImRlbGV0ZSI6MTIwMDAwMDAwMDAwMCwicmVhZCI6OTAwMDAwMDAwMDAwLCJ1cGRhdGUiOjYwMDAwMDAwMDAwMH0sInNjaGVtYV92ZXJzaW9uIjoiMSJ9",
          "dependencies": [
            "aws_key_pair.web_server_key",
            "aws_security_group.app_sg",
            "aws_subnet.main_subnet",
            "aws_vpc.main_vpc",
            "tls_private_key.example_key",
            "tls_self_signed_cert.ssl_cert"
          ]
        }
      ]
    },
    {
      "mode": "managed",
      "type": "aws_internet_gateway",
      "name": "internet_gateway",
      "provider": "provider[\"registry.terraform.io/hashicorp/aws\"]",
      "instances": [
        {
          "schema_version": 0,
          "attributes": {
            "arn": "arn:aws:ec2:us-east-1:093549766243:internet-gateway/igw-0980a756dddb574aa",
            "id": "igw-0980a756dddb574aa",
            "owner_id": "093549766243",
            "tags": {
              "Name": "main-igw"
            },
            "tags_all": {
              "Name": "main-igw"
            },
            "timeouts": null,
            "vpc_id": "vpc-09b0a3c94dfc6e012"
          },
          "sensitive_attributes": [],
          "identity_schema_version": 0,
          "private": "eyJlMmJmYjczMC1lY2FhLTExZTYtOGY4OC0zNDM2M2JjN2M0YzAiOnsiY3JlYXRlIjoxMjAwMDAwMDAwMDAwLCJkZWxldGUiOjEyMDAwMDAwMDAwMDAsInVwZGF0ZSI6MTIwMDAwMDAwMDAwMH19",
          "dependencies": [
            "aws_vpc.main_vpc"
          ]
        }
      ]
    },
    {
      "mode": "managed",
      "type": "aws_key_pair",
      "name": "web_server_key",
      "provider": "provider[\"registry.terraform.io/hashicorp/aws\"]",
      "instances": [
        {
          "schema_version": 1,
          "attributes": {
            "arn": "arn:aws:ec2:us-east-1:093549766243:key-pair/web-server-key",
            "fingerprint": "ef:c0:a8:68:ac:3d:c7:fb:db:c6:bb:39:d8:41:8a:86",
            "id": "web-server-key",
            "key_name": "web-server-key",
            "key_name_prefix": "",
            "key_pair_id": "key-00f5ca479b17eb9cd",
            "key_type": "rsa",
            "public_key": "ssh-rsa AAAAB3NzaC1yc2EAAAADAQABAAACAQC6lr9F7ssHBCdwW/CTWlVDR0DX9OgAPaBDeZQi7r26kEKSF36roBJ34FdO/xnJRnwoExhrh7PZ7sxsr7Lx8yt97GTGFhykErIzIQJlUick77xyatDORIUqueMPGN9Uf0cAS1IAMC2C4ndZzM5EkZ8/eXr3U9RV3qugdYRMcYgiKeLFrFKJGcpUt1h9hTjcKSchV8SQkTkCiWUzM8LoQcivUObd7U+MUc/OLK0kuq2oRuk7ghmGUn/cUib5J1urLxq1C8s/NFePDAFDS7kYLRuY3RpviuQL+lklJ6ubq9Pkf/ZQT3tepaDscSC03wthejkbU++bdETyQ4uEILZesvLCmuFvHuthNOhnSDMeTT7Sh+FTYV2vklJsPZsUYwyfL/o2i81GL0Gt+QlF473LiSD1Kvn2S46wuANN78ZxaaSGu7BX/3tCVXxwback1xZkdH8HdGyyqX3ZxbGKlN+jF7E8fv5Iu66S7g/W7OkkzKdFzZ4Qf0UlgT0ZjgWBsH38ooB14OqzA58HJWbn4kfOulBv5AF2Y0277tDlHmMwA4kkmwHk9aWG5y3PcnECJWor4+L3SS9ABjXhvW8E7FsERHnM2VtQS7AFsnv0GkP9EG4dPOFdOt/8jNeeI0Hj5HCQx3aDcvNid9oYGDHJrhGaNrrry32jmmukG8OH/hPiZYQwXw== danis@Danish-Aiman",
            "tags": {},
            "tags_all": {}
          },
          "sensitive_attributes": [],
          "identity_schema_version": 0,
          "private": "eyJzY2hlbWFfdmVyc2lvbiI6IjEifQ=="
        }
      ]
    },
    {
      "mode": "managed",
      "type": "aws_route_table",
      "name": "public_route_table",
      "provider": "provider[\"registry.terraform.io/hashicorp/aws\"]",
      "instances": [
        {
          "schema_version": 0,
          "attributes": {
            "arn": "arn:aws:ec2:us-east-1:093549766243:route-table/rtb-047f20ab79386d1ae",
            "id": "rtb-047f20ab79386d1ae",
            "owner_id": "093549766243",
            "propagating_vgws": [],
            "route": [
              {
                "carrier_gateway_id": "",
                "cidr_block": "0.0.0.0/0",
                "core_network_arn": "",
                "destination_prefix_list_id": "",
                "egress_only_gateway_id": "",
                "gateway_id": "igw-0980a756dddb574aa",
                "ipv6_cidr_block": "",
                "local_gateway_id": "",
                "nat_gateway_id": "",
                "network_interface_id": "",
                "transit_gateway_id": "",
                "vpc_endpoint_id": "",
                "vpc_peering_connection_id": ""
              }
            ],
            "tags": {
              "Name": "public-route-table"
            },
            "tags_all": {
              "Name": "public-route-table"
            },
            "timeouts": null,
            "vpc_id": "vpc-09b0a3c94dfc6e012"
          },
          "sensitive_attributes": [],
          "identity_schema_version": 0,
          "private": "eyJlMmJmYjczMC1lY2FhLTExZTYtOGY4OC0zNDM2M2JjN2M0YzAiOnsiY3JlYXRlIjozMDAwMDAwMDAwMDAsImRlbGV0ZSI6MzAwMDAwMDAwMDAwLCJ1cGRhdGUiOjEyMDAwMDAwMDAwMH19",
          "dependencies": [
            "aws_internet_gateway.internet_gateway",
            "aws_vpc.main_vpc"
          ]
        }
      ]
    },
    {
      "mode": "managed",
      "type": "aws_route_table_association",
      "name": "public_route_table_association_a",
      "provider": "provider[\"registry.terraform.io/hashicorp/aws\"]",
      "instances": [
        {
          "schema_version": 0,
          "attributes": {
            "gateway_id": "",
            "id": "rtbassoc-08a3ea0065ae8e556",
            "route_table_id": "rtb-047f20ab79386d1ae",
            "subnet_id": "subnet-01ec6fdbd8a45ceb1",
            "timeouts": null
          },
          "sensitive_attributes": [],
          "identity_schema_version": 0,
          "private": "eyJlMmJmYjczMC1lY2FhLTExZTYtOGY4OC0zNDM2M2JjN2M0YzAiOnsiY3JlYXRlIjozMDAwMDAwMDAwMDAsImRlbGV0ZSI6MzAwMDAwMDAwMDAwLCJ1cGRhdGUiOjEyMDAwMDAwMDAwMH19",
          "dependencies": [
            "aws_internet_gateway.internet_gateway",
            "aws_route_table.public_route_table",
            "aws_subnet.main_subnet",
            "aws_vpc.main_vpc"
          ]
        }
      ]
    },
    {
      "mode": "managed",
      "type": "aws_route_table_association",
      "name": "public_route_table_association_b",
      "provider": "provider[\"registry.terraform.io/hashicorp/aws\"]",
      "instances": [
        {
          "schema_version": 0,
          "attributes": {
            "gateway_id": "",
            "id": "rtbassoc-0cf42928247803a96",
            "route_table_id": "rtb-047f20ab79386d1ae",
            "subnet_id": "subnet-0e3ae9341b1c6e62e",
            "timeouts": null
          },
          "sensitive_attributes": [],
          "identity_schema_version": 0,
          "private": "eyJlMmJmYjczMC1lY2FhLTExZTYtOGY4OC0zNDM2M2JjN2M0YzAiOnsiY3JlYXRlIjozMDAwMDAwMDAwMDAsImRlbGV0ZSI6MzAwMDAwMDAwMDAwLCJ1cGRhdGUiOjEyMDAwMDAwMDAwMH19",
          "dependencies": [
            "aws_internet_gateway.internet_gateway",
            "aws_route_table.public_route_table",
            "aws_subnet.second_subnet",
            "aws_vpc.main_vpc"
          ]
        }
      ]
    },
    {
      "mode": "managed",
      "type": "aws_security_group",
      "name": "app_sg",
      "provider": "provider[\"registry.terraform.io/hashicorp/aws\"]",
      "instances": [
        {
          "schema_version": 1,
          "attributes": {
            "arn": "arn:aws:ec2:us-east-1:093549766243:security-group/sg-0685bc0e7fd0c071f",
            "description": "Allow HTTP, SSH, and MySQL inbound traffic",
            "egress": [
              {
                "cidr_blocks": [
                  "0.0.0.0/0"
                ],
                "description": "",
                "from_port": 0,
                "ipv6_cidr_blocks": [],
                "prefix_list_ids": [],
                "protocol": "-1",
                "security_groups": [],
                "self": false,
                "to_port": 0
              }
            ],
            "id": "sg-0685bc0e7fd0c071f",
            "ingress": [
              {
                "cidr_blocks": [
                  "0.0.0.0/0"
                ],
                "description": "",
                "from_port": 22,
                "ipv6_cidr_blocks": [],
                "prefix_list_ids": [],
                "protocol": "tcp",
                "security_groups": [],
                "self": false,
                "to_port": 22
              },
              {
                "cidr_blocks": [
                  "0.0.0.0/0"
                ],
                "description": "",
                "from_port": 3306,
                "ipv6_cidr_blocks": [],
                "prefix_list_ids": [],
                "protocol": "tcp",
                "security_groups": [],
                "self": false,
                "to_port": 3306
              },
              {
                "cidr_blocks": [
                  "0.0.0.0/0"
                ],
                "description": "",
                "from_port": 443,
                "ipv6_cidr_blocks": [],
                "prefix_list_ids": [],
                "protocol": "tcp",
                "security_groups": [],
                "self": false,
                "to_port": 443
              },
              {
                "cidr_blocks": [
                  "0.0.0.0/0"
                ],
                "description": "",
                "from_port": 80,
                "ipv6_cidr_blocks": [],
                "prefix_list_ids": [],
                "protocol": "tcp",
                "security_groups": [],
                "self": false,
                "to_port": 80
              }
            ],
            "name": "app-security-group",
            "name_prefix": "",
            "owner_id": "093549766243",
            "revoke_rules_on_delete": false,
            "tags": {},
            "tags_all": {},
            "timeouts": null,
            "vpc_id": "vpc-09b0a3c94dfc6e012"
          },
          "sensitive_attributes": [],
          "identity_schema_version": 0,
          "private": "eyJlMmJmYjczMC1lY2FhLTExZTYtOGY4OC0zNDM2M2JjN2M0YzAiOnsiY3JlYXRlIjo2MDAwMDAwMDAwMDAsImRlbGV0ZSI6OTAwMDAwMDAwMDAwfSwic2NoZW1hX3ZlcnNpb24iOiIxIn0=",
          "dependencies": [
            "aws_vpc.main_vpc"
          ]
        }
      ]
    },
    {
      "mode": "managed",
      "type": "aws_subnet",
      "name": "main_subnet",
      "provider": "provider[\"registry.terraform.io/hashicorp/aws\"]",
      "instances": [
        {
          "schema_version": 1,
          "attributes": {
            "arn": "arn:aws:ec2:us-east-1:093549766243:subnet/subnet-01ec6fdbd8a45ceb1",
            "assign_ipv6_address_on_creation": false,
            "availability_zone": "us-east-1a",
            "availability_zone_id": "use1-az2",
            "cidr_block": "10.0.1.0/24",
            "customer_owned_ipv4_pool": "",
            "enable_dns64": false,
            "enable_lni_at_device_index": 0,
            "enable_resource_name_dns_a_record_on_launch": false,
            "enable_resource_name_dns_aaaa_record_on_launch": false,
            "id": "subnet-01ec6fdbd8a45ceb1",
            "ipv6_cidr_block": "",
            "ipv6_cidr_block_association_id": "",
            "ipv6_native": false,
            "map_customer_owned_ip_on_launch": false,
            "map_public_ip_on_launch": true,
            "outpost_arn": "",
            "owner_id": "093549766243",
            "private_dns_hostname_type_on_launch": "ip-name",
            "tags": {
              "Name": "main-subnet"
            },
            "tags_all": {
              "Name": "main-subnet"
            },
            "timeouts": null,
            "vpc_id": "vpc-09b0a3c94dfc6e012"
          },
          "sensitive_attributes": [],
          "identity_schema_version": 0,
          "private": "eyJlMmJmYjczMC1lY2FhLTExZTYtOGY4OC0zNDM2M2JjN2M0YzAiOnsiY3JlYXRlIjo2MDAwMDAwMDAwMDAsImRlbGV0ZSI6MTIwMDAwMDAwMDAwMH0sInNjaGVtYV92ZXJzaW9uIjoiMSJ9",
          "dependencies": [
            "aws_vpc.main_vpc"
          ]
        }
      ]
    },
    {
      "mode": "managed",
      "type": "aws_subnet",
      "name": "second_subnet",
      "provider": "provider[\"registry.terraform.io/hashicorp/aws\"]",
      "instances": [
        {
          "schema_version": 1,
          "attributes": {
            "arn": "arn:aws:ec2:us-east-1:093549766243:subnet/subnet-0e3ae9341b1c6e62e",
            "assign_ipv6_address_on_creation": false,
            "availability_zone": "us-east-1b",
            "availability_zone_id": "use1-az4",
            "cidr_block": "10.0.3.0/24",
            "customer_owned_ipv4_pool": "",
            "enable_dns64": false,
            "enable_lni_at_device_index": 0,
            "enable_resource_name_dns_a_record_on_launch": false,
            "enable_resource_name_dns_aaaa_record_on_launch": false,
            "id": "subnet-0e3ae9341b1c6e62e",
            "ipv6_cidr_block": "",
            "ipv6_cidr_block_association_id": "",
            "ipv6_native": false,
            "map_customer_owned_ip_on_launch": false,
            "map_public_ip_on_launch": true,
            "outpost_arn": "",
            "owner_id": "093549766243",
            "private_dns_hostname_type_on_launch": "ip-name",
            "tags": {
              "Name": "second-subnet"
            },
            "tags_all": {
              "Name": "second-subnet"
            },
            "timeouts": null,
            "vpc_id": "vpc-09b0a3c94dfc6e012"
          },
          "sensitive_attributes": [],
          "identity_schema_version": 0,
          "private": "eyJlMmJmYjczMC1lY2FhLTExZTYtOGY4OC0zNDM2M2JjN2M0YzAiOnsiY3JlYXRlIjo2MDAwMDAwMDAwMDAsImRlbGV0ZSI6MTIwMDAwMDAwMDAwMH0sInNjaGVtYV92ZXJzaW9uIjoiMSJ9",
          "dependencies": [
            "aws_vpc.main_vpc"
          ]
        }
      ]
    },
    {
      "mode": "managed",
      "type": "aws_vpc",
      "name": "main_vpc",
      "provider": "provider[\"registry.terraform.io/hashicorp/aws\"]",
      "instances": [
        {
          "schema_version": 1,
          "attributes": {
            "arn": "arn:aws:ec2:us-east-1:093549766243:vpc/vpc-09b0a3c94dfc6e012",
            "assign_generated_ipv6_cidr_block": false,
            "cidr_block": "10.0.0.0/16",
            "default_network_acl_id": "acl-048faa75ca132339f",
            "default_route_table_id": "rtb-082fac3cc603b113b",
            "default_security_group_id": "sg-004fde173c5285c47",
            "dhcp_options_id": "dopt-07b0f2a2664652c80",
            "enable_dns_hostnames": true,
            "enable_dns_support": true,
            "enable_network_address_usage_metrics": false,
            "id": "vpc-09b0a3c94dfc6e012",
            "instance_tenancy": "default",
            "ipv4_ipam_pool_id": null,
            "ipv4_netmask_length": null,
            "ipv6_association_id": "",
            "ipv6_cidr_block": "",
            "ipv6_cidr_block_network_border_group": "",
            "ipv6_ipam_pool_id": "",
            "ipv6_netmask_length": 0,
            "main_route_table_id": "rtb-082fac3cc603b113b",
            "owner_id": "093549766243",
            "tags": {
              "Name": "main-vpc"
            },
            "tags_all": {
              "Name": "main-vpc"
            }
          },
          "sensitive_attributes": [],
          "identity_schema_version": 0,
          "private": "eyJzY2hlbWFfdmVyc2lvbiI6IjEifQ=="
        }
      ]
    },
    {
      "mode": "managed",
      "type": "tls_private_key",
      "name": "example_key",
      "provider": "provider[\"registry.terraform.io/hashicorp/tls\"]",
      "instances": [
        {
          "schema_version": 1,
          "attributes": {
            "algorithm": "RSA",
            "ecdsa_curve": "P224",
            "id": "273824328836db452110248649d1ec569ec018f4",
            "private_key_openssh": "-----BEGIN OPENSSH PRIVATE KEY-----\nb3BlbnNzaC1rZXktdjEAAAAABG5vbmUAAAAEbm9uZQAAAAAAAAABAAABFwAAAAdz\nc2gtcnNhAAAAAwEAAQAAAQEAxSqOVAjWFPfqZSlTiunTOnFF+Afi63Azq4h/VjG7\nRy/24WQ2h5bqbzrkUoikKIFMrXNJVAsND05SYGbqHL1TCI5hbVWayn29s4lzZyKG\nMaxLW72O6AJCIrBpIp2k13IdAF930hYNw/JOhgubjJkfdAYUuvsOsmNH0apl0UCy\nma/38UsKUgQ7ybVlAq7SpYSiTONxeTc6RvlqewSR3Z/PlK0z6tXtkWYusGdbQKcd\nMnzeGr0jm9+DJ5L7ccmFXAB1JfIBM7tjOe1/FPNjmJqFZbcmJ/TS3ed655qlBUr3\nJPUAwadu3dijtyOwXRwmWQi2UgEhOVb2u14nmZOu5y2wXQAAA7jgnvxy4J78cgAA\nAAdzc2gtcnNhAAABAQDFKo5UCNYU9+plKVOK6dM6cUX4B+LrcDOriH9WMbtHL/bh\nZDaHlupvOuRSiKQogUytc0lUCw0PTlJgZuocvVMIjmFtVZrKfb2ziXNnIoYxrEtb\nvY7oAkIisGkinaTXch0AX3fSFg3D8k6GC5uMmR90BhS6+w6yY0fRqmXRQLKZr/fx\nSwpSBDvJtWUCrtKlhKJM43F5NzpG+Wp7BJHdn8+UrTPq1e2RZi6wZ1tApx0yfN4a\nvSOb34MnkvtxyYVcAHUl8gEzu2M57X8U82OYmoVltyYn9NLd53rnmqUFSvck9QDB\np27d2KO3I7BdHCZZCLZSASE5Vva7XieZk67nLbBdAAAAAwEAAQAAAQAD01jCBkHd\n7Xy3MpJ6ZlSnR6Qrgdh3Tpme2tEnScojQXaXo16J48KJhSnOjo3EDQfN11s1R3M2\nntBrKm2hQFMohIq2mMVq55gTFoTbG9WUVSfiw2gCCTkue+z7GcMlb9AvcURdgSwK\nZ0Mt+qYT/kyYvB14dOXK5349pTUm8D7TsiIDwCxGMun/Q0fuOrh8ve5Prf98udVb\nuLFOPJ5+rmC0QprLdC7GrYYKM0PIbaumgWwCwc/bw3MEx7NdmjHHyTgmIwFOtN+/\n/WcZDSvSG0ix+UNKGUyZDwx0JGxMnrRiZRUVzUzVMf5JXH638BXaJowd9ww71YSY\neMY1JffwNHpJAAAAgQDhFmK5UgBKHuOqfAV4mQer9lklpkXNw7Jqny34wxNE7Hl7\nXbySAWNJ9CbkXFPD+qxh751mLZJxZNJDDZ+MwDFabW3/p7+hdWRdr+R9wva1+hH0\n1XiRRWdSSyxMbD1KSo42fpHBkZ/ePHbNNbiDy9xeHWN0tP9FkmA5X47thH0wbwAA\nAIEA9y0INED+lPbqAk7RnrjXrHeXDE9gtoLDeIGChxVyshDbVDawcBW6DxFDU30g\ni+oGxMj6kXWdeOolfGGGPtDFbGleqLUDFP7FnSHmd8K5f74qA6d08kWdxAXqyXhn\nU1o0gT3+Y7K/lnNcSADH8zlweEroZKJurN7qcBKVJi87xzcAAACBAMw0euEGJzFL\n+V5fQjPKhyQ3KKWumugdLzcz/J7F6CVHPZHSJdi1rE0YZUMDk0ZvyPB0lYMYd0Xd\niNjAYveMo9CTrSVq35eUZA9bR9qBlbpEq7kOwV4lr8L2cqXJ+CIpUbcP3QSLug1Q\nbPVHZAaLLkshmPp/2H+8m+zFsMQxs2cLAAAAAAEC\n-----END OPENSSH PRIVATE KEY-----\n",
            "private_key_pem": "-----BEGIN RSA PRIVATE KEY-----\nMIIEpAIBAAKCAQEAxSqOVAjWFPfqZSlTiunTOnFF+Afi63Azq4h/VjG7Ry/24WQ2\nh5bqbzrkUoikKIFMrXNJVAsND05SYGbqHL1TCI5hbVWayn29s4lzZyKGMaxLW72O\n6AJCIrBpIp2k13IdAF930hYNw/JOhgubjJkfdAYUuvsOsmNH0apl0UCyma/38UsK\nUgQ7ybVlAq7SpYSiTONxeTc6RvlqewSR3Z/PlK0z6tXtkWYusGdbQKcdMnzeGr0j\nm9+DJ5L7ccmFXAB1JfIBM7tjOe1/FPNjmJqFZbcmJ/TS3ed655qlBUr3JPUAwadu\n3dijtyOwXRwmWQi2UgEhOVb2u14nmZOu5y2wXQIDAQABAoIBAAPTWMIGQd3tfLcy\nknpmVKdHpCuB2HdOmZ7a0SdJyiNBdpejXonjwomFKc6OjcQNB83XWzVHczae0Gsq\nbaFAUyiEiraYxWrnmBMWhNsb1ZRVJ+LDaAIJOS577PsZwyVv0C9xRF2BLApnQy36\nphP+TJi8HXh05crnfj2lNSbwPtOyIgPALEYy6f9DR+46uHy97k+t/3y51Vu4sU48\nnn6uYLRCmst0LsathgozQ8htq6aBbALBz9vDcwTHs12aMcfJOCYjAU6037/9ZxkN\nK9IbSLH5Q0oZTJkPDHQkbEyetGJlFRXNTNUx/klcfrfwFdomjB33DDvVhJh4xjUl\n9/A0ekkCgYEA9y0INED+lPbqAk7RnrjXrHeXDE9gtoLDeIGChxVyshDbVDawcBW6\nDxFDU30gi+oGxMj6kXWdeOolfGGGPtDFbGleqLUDFP7FnSHmd8K5f74qA6d08kWd\nxAXqyXhnU1o0gT3+Y7K/lnNcSADH8zlweEroZKJurN7qcBKVJi87xzcCgYEAzDR6\n4QYnMUv5Xl9CM8qHJDcopa6a6B0vNzP8nsXoJUc9kdIl2LWsTRhlQwOTRm/I8HSV\ngxh3Rd2I2MBi94yj0JOtJWrfl5RkD1tH2oGVukSruQ7BXiWvwvZypcn4IilRtw/d\nBIu6DVBs9UdkBosuSyGY+n/Yf7yb7MWwxDGzZwsCgYBpwgnVmc2T3UXo8OJ94Cbf\ns1ecu8XssWyDfh5kQAgQKmg90xyRCKrQUZmV+l7Xnq2Au2GCpWlYWA7r9ipjbB5c\nsYT/+Fs2O4BAKEYdDeMixjHh2F+QXbsQKVv5EhxbrKf0eJsE+3FAJWHhqPvklLoL\nrjla/akPLF3wz/KjIOiZ5wKBgQCpP33w75agRyXhz/Yg0uV7YLQxzivZ4gZ2LIJe\nXg1wiEFBkPmJSdoK9ANJrbbtFE1o7lfVFfwVTe3UKHBeWJSVlTBW6ON00Kq2B6Pg\nOLMOdUgW02H1VCr+3iBbxLACMFjn7x/yWpTT4CrOiGMhAU5XOvt982RPStW5Qoil\ns8PLzQKBgQDhFmK5UgBKHuOqfAV4mQer9lklpkXNw7Jqny34wxNE7Hl7XbySAWNJ\n9CbkXFPD+qxh751mLZJxZNJDDZ+MwDFabW3/p7+hdWRdr+R9wva1+hH01XiRRWdS\nSyxMbD1KSo42fpHBkZ/ePHbNNbiDy9xeHWN0tP9FkmA5X47thH0wbw==\n-----END RSA PRIVATE KEY-----\n",
            "private_key_pem_pkcs8": "-----BEGIN PRIVATE KEY-----\nMIIEvgIBADANBgkqhkiG9w0BAQEFAASCBKgwggSkAgEAAoIBAQDFKo5UCNYU9+pl\nKVOK6dM6cUX4B+LrcDOriH9WMbtHL/bhZDaHlupvOuRSiKQogUytc0lUCw0PTlJg\nZuocvVMIjmFtVZrKfb2ziXNnIoYxrEtbvY7oAkIisGkinaTXch0AX3fSFg3D8k6G\nC5uMmR90BhS6+w6yY0fRqmXRQLKZr/fxSwpSBDvJtWUCrtKlhKJM43F5NzpG+Wp7\nBJHdn8+UrTPq1e2RZi6wZ1tApx0yfN4avSOb34MnkvtxyYVcAHUl8gEzu2M57X8U\n82OYmoVltyYn9NLd53rnmqUFSvck9QDBp27d2KO3I7BdHCZZCLZSASE5Vva7XieZ\nk67nLbBdAgMBAAECggEAA9NYwgZB3e18tzKSemZUp0ekK4HYd06ZntrRJ0nKI0F2\nl6NeiePCiYUpzo6NxA0HzddbNUdzNp7QayptoUBTKISKtpjFaueYExaE2xvVlFUn\n4sNoAgk5Lnvs+xnDJW/QL3FEXYEsCmdDLfqmE/5MmLwdeHTlyud+PaU1JvA+07Ii\nA8AsRjLp/0NH7jq4fL3uT63/fLnVW7ixTjyefq5gtEKay3Quxq2GCjNDyG2rpoFs\nAsHP28NzBMezXZoxx8k4JiMBTrTfv/1nGQ0r0htIsflDShlMmQ8MdCRsTJ60YmUV\nFc1M1TH+SVx+t/AV2iaMHfcMO9WEmHjGNSX38DR6SQKBgQD3LQg0QP6U9uoCTtGe\nuNesd5cMT2C2gsN4gYKHFXKyENtUNrBwFboPEUNTfSCL6gbEyPqRdZ146iV8YYY+\n0MVsaV6otQMU/sWdIeZ3wrl/vioDp3TyRZ3EBerJeGdTWjSBPf5jsr+Wc1xIAMfz\nOXB4Suhkom6s3upwEpUmLzvHNwKBgQDMNHrhBicxS/leX0IzyockNyilrproHS83\nM/yexeglRz2R0iXYtaxNGGVDA5NGb8jwdJWDGHdF3YjYwGL3jKPQk60lat+XlGQP\nW0fagZW6RKu5DsFeJa/C9nKlyfgiKVG3D90Ei7oNUGz1R2QGiy5LIZj6f9h/vJvs\nxbDEMbNnCwKBgGnCCdWZzZPdRejw4n3gJt+zV5y7xeyxbIN+HmRACBAqaD3THJEI\nqtBRmZX6XteerYC7YYKlaVhYDuv2KmNsHlyxhP/4WzY7gEAoRh0N4yLGMeHYX5Bd\nuxApW/kSHFusp/R4mwT7cUAlYeGo++SUuguuOVr9qQ8sXfDP8qMg6JnnAoGBAKk/\nffDvlqBHJeHP9iDS5XtgtDHOK9niBnYsgl5eDXCIQUGQ+YlJ2gr0A0mttu0UTWju\nV9UV/BVN7dQocF5YlJWVMFbo43TQqrYHo+A4sw51SBbTYfVUKv7eIFvEsAIwWOfv\nH/JalNPgKs6IYyEBTlc6+33zZE9K1blCiKWzw8vNAoGBAOEWYrlSAEoe46p8BXiZ\nB6v2WSWmRc3DsmqfLfjDE0TseXtdvJIBY0n0JuRcU8P6rGHvnWYtknFk0kMNn4zA\nMVptbf+nv6F1ZF2v5H3C9rX6EfTVeJFFZ1JLLExsPUpKjjZ+kcGRn948ds01uIPL\n3F4dY3S0/0WSYDlfju2EfTBv\n-----END PRIVATE KEY-----\n",
            "public_key_fingerprint_md5": "23:23:fe:58:88:3a:3c:f1:4f:39:6b:2f:6a:71:f1:b3",
            "public_key_fingerprint_sha256": "SHA256:FOx5dN3M/phekMd3EDA4CYFFUN+PQbOCRMbl2xWIkLs",
            "public_key_openssh": "ssh-rsa AAAAB3NzaC1yc2EAAAADAQABAAABAQDFKo5UCNYU9+plKVOK6dM6cUX4B+LrcDOriH9WMbtHL/bhZDaHlupvOuRSiKQogUytc0lUCw0PTlJgZuocvVMIjmFtVZrKfb2ziXNnIoYxrEtbvY7oAkIisGkinaTXch0AX3fSFg3D8k6GC5uMmR90BhS6+w6yY0fRqmXRQLKZr/fxSwpSBDvJtWUCrtKlhKJM43F5NzpG+Wp7BJHdn8+UrTPq1e2RZi6wZ1tApx0yfN4avSOb34MnkvtxyYVcAHUl8gEzu2M57X8U82OYmoVltyYn9NLd53rnmqUFSvck9QDBp27d2KO3I7BdHCZZCLZSASE5Vva7XieZk67nLbBd\n",
            "public_key_pem": "-----BEGIN PUBLIC KEY-----\nMIIBIjANBgkqhkiG9w0BAQEFAAOCAQ8AMIIBCgKCAQEAxSqOVAjWFPfqZSlTiunT\nOnFF+Afi63Azq4h/VjG7Ry/24WQ2h5bqbzrkUoikKIFMrXNJVAsND05SYGbqHL1T\nCI5hbVWayn29s4lzZyKGMaxLW72O6AJCIrBpIp2k13IdAF930hYNw/JOhgubjJkf\ndAYUuvsOsmNH0apl0UCyma/38UsKUgQ7ybVlAq7SpYSiTONxeTc6RvlqewSR3Z/P\nlK0z6tXtkWYusGdbQKcdMnzeGr0jm9+DJ5L7ccmFXAB1JfIBM7tjOe1/FPNjmJqF\nZbcmJ/TS3ed655qlBUr3JPUAwadu3dijtyOwXRwmWQi2UgEhOVb2u14nmZOu5y2w\nXQIDAQAB\n-----END PUBLIC KEY-----\n",
            "rsa_bits": 2048
          },
          "sensitive_attributes": [
            [
              {
                "type": "get_attr",
                "value": "private_key_openssh"
              }
            ],
            [
              {
                "type": "get_attr",
                "value": "private_key_pem"
              }
            ],
            [
              {
                "type": "get_attr",
                "value": "private_key_pem_pkcs8"
              }
            ]
          ],
          "identity_schema_version": 0
        }
      ]
    },
    {
      "mode": "managed",
      "type": "tls_self_signed_cert",
      "name": "ssl_cert",
      "provider": "provider[\"registry.terraform.io/hashicorp/tls\"]",
      "instances": [
        {
          "schema_version": 0,
          "attributes": {
            "allowed_uses": [
              "server_auth"
            ],
            "cert_pem": "-----BEGIN CERTIFICATE-----\nMIIDIDCCAgigAwIBAgIRALwSoV4GSbnk1FVA/A1nUA8wDQYJKoZIhvcNAQELBQAw\nODELMAkGA1UEBhMCTVkxDDAKBgNVBAoTA01NVTEbMBkGA1UEAxMSYm9va2luZy1z\neXN0ZW0uY29tMB4XDTI1MDcwMjA5MDExOFoXDTI2MDcwMjA5MDExOFowODELMAkG\nA1UEBhMCTVkxDDAKBgNVBAoTA01NVTEbMBkGA1UEAxMSYm9va2luZy1zeXN0ZW0u\nY29tMIIBIjANBgkqhkiG9w0BAQEFAAOCAQ8AMIIBCgKCAQEAxSqOVAjWFPfqZSlT\niunTOnFF+Afi63Azq4h/VjG7Ry/24WQ2h5bqbzrkUoikKIFMrXNJVAsND05SYGbq\nHL1TCI5hbVWayn29s4lzZyKGMaxLW72O6AJCIrBpIp2k13IdAF930hYNw/JOhgub\njJkfdAYUuvsOsmNH0apl0UCyma/38UsKUgQ7ybVlAq7SpYSiTONxeTc6RvlqewSR\n3Z/PlK0z6tXtkWYusGdbQKcdMnzeGr0jm9+DJ5L7ccmFXAB1JfIBM7tjOe1/FPNj\nmJqFZbcmJ/TS3ed655qlBUr3JPUAwadu3dijtyOwXRwmWQi2UgEhOVb2u14nmZOu\n5y2wXQIDAQABoyUwIzATBgNVHSUEDDAKBggrBgEFBQcDATAMBgNVHRMBAf8EAjAA\nMA0GCSqGSIb3DQEBCwUAA4IBAQA1irlpG2K9u8+iwAOWB36DGWiMmq31iHxJjqR8\n84WHBDBa/acFgs9ydiZgwzRFhpEG+3s8taw3THF48IZJqrTcI/9Q0xxHiEt6xk0o\nDfUITL2ps2LZfjSRK7i5W5QorQbpSqzUtgWzyrCt8unZbzMVlKmmHYz4N0OCpPdC\nTJ5Myy1pIx3m/WDxvWmJdrPUZCjIY4LuF6I5U4LTScRXE70kdUKU/2Tfozt4HnqV\nm5HEtBLom22BFHg5SHmoilG+Kt4EMiFLcHXQ3FKZ6ZxGrsTHo0HFKapCbjaFnNke\nQ7Dcm1Hk5m6nLvSYdBgAjpnWLj3sknzgbjwWrOj8zV7P9xPO\n-----END CERTIFICATE-----\n",
            "dns_names": null,
            "early_renewal_hours": 0,
            "id": "249991597468357314765732390359825600527",
            "ip_addresses": null,
            "is_ca_certificate": false,
            "key_algorithm": "RSA",
            "private_key_pem": "-----BEGIN RSA PRIVATE KEY-----\nMIIEpAIBAAKCAQEAxSqOVAjWFPfqZSlTiunTOnFF+Afi63Azq4h/VjG7Ry/24WQ2\nh5bqbzrkUoikKIFMrXNJVAsND05SYGbqHL1TCI5hbVWayn29s4lzZyKGMaxLW72O\n6AJCIrBpIp2k13IdAF930hYNw/JOhgubjJkfdAYUuvsOsmNH0apl0UCyma/38UsK\nUgQ7ybVlAq7SpYSiTONxeTc6RvlqewSR3Z/PlK0z6tXtkWYusGdbQKcdMnzeGr0j\nm9+DJ5L7ccmFXAB1JfIBM7tjOe1/FPNjmJqFZbcmJ/TS3ed655qlBUr3JPUAwadu\n3dijtyOwXRwmWQi2UgEhOVb2u14nmZOu5y2wXQIDAQABAoIBAAPTWMIGQd3tfLcy\nknpmVKdHpCuB2HdOmZ7a0SdJyiNBdpejXonjwomFKc6OjcQNB83XWzVHczae0Gsq\nbaFAUyiEiraYxWrnmBMWhNsb1ZRVJ+LDaAIJOS577PsZwyVv0C9xRF2BLApnQy36\nphP+TJi8HXh05crnfj2lNSbwPtOyIgPALEYy6f9DR+46uHy97k+t/3y51Vu4sU48\nnn6uYLRCmst0LsathgozQ8htq6aBbALBz9vDcwTHs12aMcfJOCYjAU6037/9ZxkN\nK9IbSLH5Q0oZTJkPDHQkbEyetGJlFRXNTNUx/klcfrfwFdomjB33DDvVhJh4xjUl\n9/A0ekkCgYEA9y0INED+lPbqAk7RnrjXrHeXDE9gtoLDeIGChxVyshDbVDawcBW6\nDxFDU30gi+oGxMj6kXWdeOolfGGGPtDFbGleqLUDFP7FnSHmd8K5f74qA6d08kWd\nxAXqyXhnU1o0gT3+Y7K/lnNcSADH8zlweEroZKJurN7qcBKVJi87xzcCgYEAzDR6\n4QYnMUv5Xl9CM8qHJDcopa6a6B0vNzP8nsXoJUc9kdIl2LWsTRhlQwOTRm/I8HSV\ngxh3Rd2I2MBi94yj0JOtJWrfl5RkD1tH2oGVukSruQ7BXiWvwvZypcn4IilRtw/d\nBIu6DVBs9UdkBosuSyGY+n/Yf7yb7MWwxDGzZwsCgYBpwgnVmc2T3UXo8OJ94Cbf\ns1ecu8XssWyDfh5kQAgQKmg90xyRCKrQUZmV+l7Xnq2Au2GCpWlYWA7r9ipjbB5c\nsYT/+Fs2O4BAKEYdDeMixjHh2F+QXbsQKVv5EhxbrKf0eJsE+3FAJWHhqPvklLoL\nrjla/akPLF3wz/KjIOiZ5wKBgQCpP33w75agRyXhz/Yg0uV7YLQxzivZ4gZ2LIJe\nXg1wiEFBkPmJSdoK9ANJrbbtFE1o7lfVFfwVTe3UKHBeWJSVlTBW6ON00Kq2B6Pg\nOLMOdUgW02H1VCr+3iBbxLACMFjn7x/yWpTT4CrOiGMhAU5XOvt982RPStW5Qoil\ns8PLzQKBgQDhFmK5UgBKHuOqfAV4mQer9lklpkXNw7Jqny34wxNE7Hl7XbySAWNJ\n9CbkXFPD+qxh751mLZJxZNJDDZ+MwDFabW3/p7+hdWRdr+R9wva1+hH01XiRRWdS\nSyxMbD1KSo42fpHBkZ/ePHbNNbiDy9xeHWN0tP9FkmA5X47thH0wbw==\n-----END RSA PRIVATE KEY-----\n",
            "ready_for_renewal": false,
            "set_authority_key_id": false,
            "set_subject_key_id": false,
            "subject": [
              {
                "common_name": "booking-system.com",
                "country": "MY",
                "email_address": null,
                "locality": null,
                "organization": "MMU",
                "organizational_unit": null,
                "postal_code": null,
                "province": null,
                "serial_number": null,
                "street_address": null
              }
            ],
            "uris": null,
            "validity_end_time": "2026-07-02T17:01:18.2327595+08:00",
            "validity_period_hours": 8760,
            "validity_start_time": "2025-07-02T17:01:18.2327595+08:00"
          },
          "sensitive_attributes": [
            [
              {
                "type": "get_attr",
                "value": "private_key_pem"
              }
            ]
          ],
          "identity_schema_version": 0,
          "dependencies": [
            "tls_private_key.example_key"
          ]
        }
      ]
    }
  ],
  "check_results": null
}
